
Microsoft Visual Studio Solution File, Format Version 12.00
# Visual Studio Version 16
VisualStudioVersion = 16.0.30011.22
MinimumVisualStudioVersion = 10.0.40219.1
Project("{FAE04EC0-301F-11D3-BF4B-00C04F79EFBC}") = "AyuboDriveSystem", "HotelTransportSystem\AyuboDriveSystem.csproj", "{F8E8C49C-BCE5-4152-8816-030C016705E9}"
EndProject
Project("{FAE04EC0-301F-11D3-BF4B-00C04F79EFBC}") = "AdminPanel", "AdminPanel\AdminPanel.csproj", "{61EAA5AA-2E98-4575-992C-7D7D62733764}"
EndProject
Global
	GlobalSection(SolutionConfigurationPlatforms) = preSolution
		Debug|Any CPU = Debug|Any CPU
		Release|Any CPU = Release|Any CPU
	EndGlobalSection
	GlobalSection(ProjectConfigurationPlatforms) = postSolution
		{F8E8C49C-BCE5-4152-8816-030C016705E9}.Debug|Any CPU.ActiveCfg = Debug|Any CPU
		{F8E8C49C-BCE5-4152-8816-030C016705E9}.Debug|Any CPU.Build.0 = Debug|Any CPU
		{F8E8C49C-BCE5-4152-8816-030C016705E9}.Release|Any CPU.ActiveCfg = Release|Any CPU
		{F8E8C49C-BCE5-4152-8816-030C016705E9}.Release|Any CPU.Build.0 = Release|Any CPU
		{61EAA5AA-2E98-4575-992C-7D7D62733764}.Debug|Any CPU.ActiveCfg = Debug|Any CPU
		{61EAA5AA-2E98-4575-992C-7D7D62733764}.Debug|Any CPU.Build.0 = Debug|Any CPU
		{61EAA5AA-2E98-4575-992C-7D7D62733764}.Release|Any CPU.ActiveCfg = Release|Any CPU
		{61EAA5AA-2E98-4575-992C-7D7D62733764}.Release|Any CPU.Build.0 = Release|Any CPU
	EndGlobalSection
	GlobalSection(SolutionProperties) = preSolution
		HideSolutionNode = FALSE
	EndGlobalSection
	GlobalSection(ExtensibilityGlobals) = postSolution
		SolutionGuid = {6FD83E7B-2A70-4DB4-B9EC-3292F6097914}
	EndGlobalSection
EndGlobal
